
Microsoft Visual Studio Solution File, Format Version 12.00
# Visual Studio Version 17
VisualStudioVersion = 17.5.33502.453
MinimumVisualStudioVersion = 10.0.40219.1
Project("{54A90642-561A-4BB1-A94E-469ADEE60C69}") = "vue_csharp", "Vue_Csharp\vue_csharp.esproj", "{382551FD-D569-47FD-B45E-4CB0F12E21A3}"
EndProject
Global
	GlobalSection(SolutionConfigurationPlatforms) = preSolution
		Debug|Any CPU = Debug|Any CPU
		Release|Any CPU = Release|Any CPU
	EndGlobalSection
	GlobalSection(ProjectConfigurationPlatforms) = postSolution
		{382551FD-D569-47FD-B45E-4CB0F12E21A3}.Debug|Any CPU.ActiveCfg = Debug|Any CPU
		{382551FD-D569-47FD-B45E-4CB0F12E21A3}.Debug|Any CPU.Build.0 = Debug|Any CPU
		{382551FD-D569-47FD-B45E-4CB0F12E21A3}.Debug|Any CPU.Deploy.0 = Debug|Any CPU
		{382551FD-D569-47FD-B45E-4CB0F12E21A3}.Release|Any CPU.ActiveCfg = Release|Any CPU
		{382551FD-D569-47FD-B45E-4CB0F12E21A3}.Release|Any CPU.Build.0 = Release|Any CPU
		{382551FD-D569-47FD-B45E-4CB0F12E21A3}.Release|Any CPU.Deploy.0 = Release|Any CPU
	EndGlobalSection
	GlobalSection(SolutionProperties) = preSolution
		HideSolutionNode = FALSE
	EndGlobalSection
	GlobalSection(ExtensibilityGlobals) = postSolution
		SolutionGuid = {0D53CDA7-F22F-4B72-84FA-5944B88E6AD5}
	EndGlobalSection
EndGlobal
